<?xml version="1.0" encoding="utf-8"?>
<Project ToolsVersion="4.0" xmlns="http://schemas.microsoft.com/developer/msbuild/2003">
  <ItemGroup>
    <Filter Include="Header Files">
      <UniqueIdentifier>{93995380-89BD-4b04-88EB-625FBE52EBFB}</UniqueIdentifier>
      <Extensions>h;hh;hpp;hxx;hm;inl;inc;xsd</Extensions>
    </Filter>
    <Filter Include="Resource Files">
      <UniqueIdentifier>{67DA6AB6-F800-4c08-8B7A-83BB121AAD01}</UniqueIdentifier>
      <Extensions>rc;ico;cur;bmp;dlg;rc2;rct;bin;rgs;gif;jpg;jpeg;jpe;resx;tiff;tif;png;wav;mfcribbon-ms</Extensions>
    </Filter>
    <Filter Include="source">
      <UniqueIdentifier>{4FC737F1-C7A5-4376-A066-2A32D752A2FF}</UniqueIdentifier>
      <Extensions>cpp;c;cc;cxx;def;odl;idl;hpj;bat;asm;asmx</Extensions>
    </Filter>
  </ItemGroup>
  <ItemGroup>
    <ClInclude Include="source\wram.h">
      <Filter>source</Filter>
    </ClInclude>
    <ClInclude Include="source\vram.h">
      <Filter>source</Filter>
    </ClInclude>
    <ClInclude Include="source\utilities.h">
      <Filter>source</Filter>
    </ClInclude>
    <ClInclude Include="source\serial_transfer_controller.h">
      <Filter>source</Filter>
    </ClInclude>
    <ClInclude Include="source\rom_chip.h">
      <Filter>source</Filter>
    </ClInclude>
    <ClInclude Include="source\rom.h">
      <Filter>source</Filter>
    </ClInclude>
    <ClInclude Include="source\msc.h">
      <Filter>source</Filter>
    </ClInclude>
    <ClInclude Include="source\mbc.h">
      <Filter>source</Filter>
    </ClInclude>
    <ClInclude Include="source\lcd_controller.h">
      <Filter>source</Filter>
    </ClInclude>
    <ClInclude Include="source\joypad.h">
      <Filter>source</Filter>
    </ClInclude>
    <ClInclude Include="source\io_registers.h">
      <Filter>source</Filter>
    </ClInclude>
    <ClInclude Include="source\interrupt_controller.h">
      <Filter>source</Filter>
    </ClInclude>
    <ClInclude Include="source\instructions.h">
      <Filter>source</Filter>
    </ClInclude>
    <ClInclude Include="source\instruction_sets.h">
      <Filter>source</Filter>
    </ClInclude>
    <ClInclude Include="source\hram.h">
      <Filter>source</Filter>
    </ClInclude>
    <ClInclude Include="source\cpu.h">
      <Filter>source</Filter>
    </ClInclude>
    <ClInclude Include="source\cartridge.h">
      <Filter>source</Filter>
    </ClInclude>
    <ClInclude Include="source\bus.h">
      <Filter>source</Filter>
    </ClInclude>
    <ClInclude Include="source\bagelboy.h">
      <Filter>source</Filter>
    </ClInclude>
    <ClInclude Include="source\dma_controller.h">
      <Filter>source</Filter>
    </ClInclude>
    <ClInclude Include="source\echo.h">
      <Filter>source</Filter>
    </ClInclude>
    <ClInclude Include="source\oam.h">
      <Filter>source</Filter>
    </ClInclude>
  </ItemGroup>
  <ItemGroup>
    <ClCompile Include="source\wram.c">
      <Filter>source</Filter>
    </ClCompile>
    <ClCompile Include="source\vram.c">
      <Filter>source</Filter>
    </ClCompile>
    <ClCompile Include="source\serial_transfer_controller.c">
      <Filter>source</Filter>
    </ClCompile>
    <ClCompile Include="source\rom_chip.c">
      <Filter>source</Filter>
    </ClCompile>
    <ClCompile Include="source\rom.c">
      <Filter>source</Filter>
    </ClCompile>
    <ClCompile Include="source\msc.c">
      <Filter>source</Filter>
    </ClCompile>
    <ClCompile Include="source\main.c">
      <Filter>source</Filter>
    </ClCompile>
    <ClCompile Include="source\lcd_controller.c">
      <Filter>source</Filter>
    </ClCompile>
    <ClCompile Include="source\joypad.c">
      <Filter>source</Filter>
    </ClCompile>
    <ClCompile Include="source\interrupt_controller.c">
      <Filter>source</Filter>
    </ClCompile>
    <ClCompile Include="source\instructions.c">
      <Filter>source</Filter>
    </ClCompile>
    <ClCompile Include="source\instruction_sets.c">
      <Filter>source</Filter>
    </ClCompile>
    <ClCompile Include="source\hram.c">
      <Filter>source</Filter>
    </ClCompile>
    <ClCompile Include="source\cpu.c">
      <Filter>source</Filter>
    </ClCompile>
    <ClCompile Include="source\cartridge.c">
      <Filter>source</Filter>
    </ClCompile>
    <ClCompile Include="source\bus.c">
      <Filter>source</Filter>
    </ClCompile>
    <ClCompile Include="source\bagelboy.c">
      <Filter>source</Filter>
    </ClCompile>
    <ClCompile Include="source\io_registers.cpp">
      <Filter>source</Filter>
    </ClCompile>
    <ClCompile Include="source\oam.cpp">
      <Filter>source</Filter>
    </ClCompile>
  </ItemGroup>
</Project>